{
  "name": "mountebank",
  "version": "1.10.0",
  "dependencies": {
    "accepts": {
      "version": "1.3.3"
    },
    "addressparser": {
      "version": "1.0.1"
    },
    "agent-base": {
      "version": "2.0.1"
    },
    "ansi-regex": {
      "version": "2.1.1"
    },
    "array-flatten": {
      "version": "1.1.1"
    },
    "async": {
      "version": "1.0.0"
    },
    "builtin-modules": {
      "version": "1.1.1"
    },
    "camelcase": {
      "version": "3.0.0"
    },
    "cliui": {
      "version": "3.2.0"
    },
    "code-point-at": {
      "version": "1.1.0"
    },
    "colors": {
      "version": "1.0.3"
    },
    "content-disposition": {
      "version": "0.5.2"
    },
    "content-type": {
      "version": "1.0.2"
    },
    "cookie": {
      "version": "0.3.1"
    },
    "cookie-signature": {
      "version": "1.0.6"
    },
    "cors": {
      "version": "2.8.1"
    },
    "csv-parse": {
      "version": "1.2.0"
    },
    "cycle": {
      "version": "1.0.3"
    },
    "debug": {
      "version": "2.2.0"
    },
    "decamelize": {
      "version": "1.2.0"
    },
    "depd": {
      "version": "1.1.0"
    },
    "destroy": {
      "version": "1.0.4"
    },
    "ee-first": {
      "version": "1.1.1"
    },
    "ejs": {
      "version": "2.5.6"
    },
    "encodeurl": {
      "version": "1.0.1"
    },
    "encoding": {
      "version": "0.1.12"
    },
    "error-ex": {
      "version": "1.3.0"
    },
    "errorhandler": {
      "version": "1.5.0"
    },
    "escape-html": {
      "version": "1.0.3"
    },
    "etag": {
      "version": "1.7.0"
    },
    "express": {
      "version": "4.14.1"
    },
    "extend": {
      "version": "3.0.0"
    },
    "eyes": {
      "version": "0.1.8"
    },
    "finalhandler": {
      "version": "0.5.1"
    },
    "find-up": {
      "version": "1.1.2"
    },
    "forwarded": {
      "version": "0.1.0"
    },
    "fresh": {
      "version": "0.3.0"
    },
    "get-caller-file": {
      "version": "1.0.2"
    },
    "graceful-fs": {
      "version": "4.1.11"
    },
    "hosted-git-info": {
      "version": "2.2.0"
    },
    "http-errors": {
      "version": "1.5.1"
    },
    "http-proxy-agent": {
      "version": "1.0.0"
    },
    "https-proxy-agent": {
      "version": "1.0.0"
    },
    "iconv-lite": {
      "version": "0.4.15"
    },
    "inherits": {
      "version": "2.0.3"
    },
    "invert-kv": {
      "version": "1.0.0"
    },
    "ipaddr.js": {
      "version": "1.2.0"
    },
    "is-arrayish": {
      "version": "0.2.1"
    },
    "is-builtin-module": {
      "version": "1.0.0"
    },
    "is-fullwidth-code-point": {
      "version": "1.0.0"
    },
    "is-utf8": {
      "version": "0.2.1"
    },
    "isstream": {
      "version": "0.1.2"
    },
    "json-stable-stringify": {
      "version": "1.0.1"
    },
    "jsonify": {
      "version": "0.0.0"
    },
    "jsonpath-plus": {
      "version": "0.16.0"
    },
    "lcid": {
      "version": "1.0.0"
    },
    "load-json-file": {
      "version": "1.1.0"
    },
    "mailparser": {
      "version": "0.6.2"
    },
    "media-typer": {
      "version": "0.3.0"
    },
    "merge-descriptors": {
      "version": "1.0.1"
    },
    "methods": {
      "version": "1.1.2"
    },
    "mime": {
      "version": "1.3.4"
    },
    "mime-db": {
      "version": "1.26.0"
    },
    "mime-types": {
      "version": "2.1.14"
    },
    "mimelib": {
      "version": "0.3.0"
    },
    "ms": {
      "version": "0.7.1"
    },
    "negotiator": {
      "version": "0.6.1"
    },
    "normalize-package-data": {
      "version": "2.3.5"
    },
    "number-is-nan": {
      "version": "1.0.1"
    },
    "on-finished": {
      "version": "2.3.0"
    },
    "os-locale": {
      "version": "1.4.0"
    },
    "parse-json": {
      "version": "2.2.0"
    },
    "parseurl": {
      "version": "1.3.1"
    },
    "path-exists": {
      "version": "2.1.0"
    },
    "path-to-regexp": {
      "version": "0.1.7"
    },
    "path-type": {
      "version": "1.1.0"
    },
    "pify": {
      "version": "2.3.0"
    },
    "pinkie": {
      "version": "2.0.4"
    },
    "pinkie-promise": {
      "version": "2.0.1"
    },
    "proxy-addr": {
      "version": "1.1.3"
    },
    "q": {
      "version": "1.4.1"
    },
    "qs": {
      "version": "6.2.0"
    },
    "rai": {
      "version": "0.1.12"
    },
    "range-parser": {
      "version": "1.2.0"
    },
    "read-pkg": {
      "version": "1.1.0"
    },
    "read-pkg-up": {
      "version": "1.0.1"
    },
    "require-directory": {
      "version": "2.1.1"
    },
    "require-main-filename": {
      "version": "1.0.1"
    },
    "semver": {
      "version": "5.0.3"
    },
    "send": {
      "version": "0.14.2",
      "dependencies": {
        "ms": {
          "version": "0.7.2"
        }
      }
    },
    "serve-static": {
      "version": "1.11.2"
    },
    "set-blocking": {
      "version": "2.0.0"
    },
    "setprototypeof": {
      "version": "1.0.2"
    },
    "simplesmtp": {
      "version": "0.3.35"
    },
    "spdx-correct": {
      "version": "1.0.2"
    },
    "spdx-expression-parse": {
      "version": "1.0.4"
    },
    "spdx-license-ids": {
      "version": "1.2.2"
    },
    "stack-trace": {
      "version": "0.0.9"
    },
    "statuses": {
      "version": "1.3.1"
    },
    "string-width": {
      "version": "1.0.2"
    },
    "strip-ansi": {
      "version": "3.0.1"
    },
    "strip-bom": {
      "version": "2.0.0"
    },
    "type-is": {
      "version": "1.6.14"
    },
    "unpipe": {
      "version": "1.0.0"
    },
    "utils-merge": {
      "version": "1.0.0"
    },
    "uue": {
      "version": "3.1.0"
    },
    "validate-npm-package-license": {
      "version": "3.0.1"
    },
    "vary": {
      "version": "1.1.0"
    },
    "which-module": {
      "version": "1.0.0"
    },
    "winston": {
      "version": "2.3.1"
    },
    "wrap-ansi": {
      "version": "2.1.0"
    },
    "xmldom": {
      "version": "0.1.27"
    },
    "xoauth2": {
      "version": "0.1.8"
    },
    "xpath": {
      "version": "0.0.23"
    },
    "y18n": {
      "version": "3.2.1"
    },
    "yargs": {
      "version": "6.6.0"
    },
    "yargs-parser": {
      "version": "4.2.1"
    }
  }
}